
Microsoft Visual Studio Solution File, Format Version 12.00
# Visual Studio Version 17
VisualStudioVersion = 17.0.31903.59
MinimumVisualStudioVersion = 10.0.40219.1
Project("{FAE04EC0-301F-11D3-BF4B-00C04F79EFBC}") = "StockMS", "StockMS\StockMS.csproj", "{CD1C5B68-FEA5-40CF-BBD6-E213CD56B44A}"
EndProject
Project("{FAE04EC0-301F-11D3-BF4B-00C04F79EFBC}") = "UsersMS", "UsersMS\UsersMS.csproj", "{C0E8AD41-01A5-48CC-A31E-4D2424C9E5A5}"
EndProject
Project("{FAE04EC0-301F-11D3-BF4B-00C04F79EFBC}") = "Gateway", "Gateway\Gateway.csproj", "{DBBE4A17-1EDE-4F95-A5C5-B8F95D88C1CB}"
EndProject
Global
	GlobalSection(SolutionConfigurationPlatforms) = preSolution
		Debug|Any CPU = Debug|Any CPU
		Debug|x64 = Debug|x64
		Debug|x86 = Debug|x86
		Release|Any CPU = Release|Any CPU
		Release|x64 = Release|x64
		Release|x86 = Release|x86
	EndGlobalSection
	GlobalSection(ProjectConfigurationPlatforms) = postSolution
		{CD1C5B68-FEA5-40CF-BBD6-E213CD56B44A}.Debug|Any CPU.ActiveCfg = Debug|Any CPU
		{CD1C5B68-FEA5-40CF-BBD6-E213CD56B44A}.Debug|Any CPU.Build.0 = Debug|Any CPU
		{CD1C5B68-FEA5-40CF-BBD6-E213CD56B44A}.Debug|x64.ActiveCfg = Debug|Any CPU
		{CD1C5B68-FEA5-40CF-BBD6-E213CD56B44A}.Debug|x64.Build.0 = Debug|Any CPU
		{CD1C5B68-FEA5-40CF-BBD6-E213CD56B44A}.Debug|x86.ActiveCfg = Debug|Any CPU
		{CD1C5B68-FEA5-40CF-BBD6-E213CD56B44A}.Debug|x86.Build.0 = Debug|Any CPU
		{CD1C5B68-FEA5-40CF-BBD6-E213CD56B44A}.Release|Any CPU.ActiveCfg = Release|Any CPU
		{CD1C5B68-FEA5-40CF-BBD6-E213CD56B44A}.Release|Any CPU.Build.0 = Release|Any CPU
		{CD1C5B68-FEA5-40CF-BBD6-E213CD56B44A}.Release|x64.ActiveCfg = Release|Any CPU
		{CD1C5B68-FEA5-40CF-BBD6-E213CD56B44A}.Release|x64.Build.0 = Release|Any CPU
		{CD1C5B68-FEA5-40CF-BBD6-E213CD56B44A}.Release|x86.ActiveCfg = Release|Any CPU
		{CD1C5B68-FEA5-40CF-BBD6-E213CD56B44A}.Release|x86.Build.0 = Release|Any CPU
		{C0E8AD41-01A5-48CC-A31E-4D2424C9E5A5}.Debug|Any CPU.ActiveCfg = Debug|Any CPU
		{C0E8AD41-01A5-48CC-A31E-4D2424C9E5A5}.Debug|Any CPU.Build.0 = Debug|Any CPU
		{C0E8AD41-01A5-48CC-A31E-4D2424C9E5A5}.Debug|x64.ActiveCfg = Debug|Any CPU
		{C0E8AD41-01A5-48CC-A31E-4D2424C9E5A5}.Debug|x64.Build.0 = Debug|Any CPU
		{C0E8AD41-01A5-48CC-A31E-4D2424C9E5A5}.Debug|x86.ActiveCfg = Debug|Any CPU
		{C0E8AD41-01A5-48CC-A31E-4D2424C9E5A5}.Debug|x86.Build.0 = Debug|Any CPU
		{C0E8AD41-01A5-48CC-A31E-4D2424C9E5A5}.Release|Any CPU.ActiveCfg = Release|Any CPU
		{C0E8AD41-01A5-48CC-A31E-4D2424C9E5A5}.Release|Any CPU.Build.0 = Release|Any CPU
		{C0E8AD41-01A5-48CC-A31E-4D2424C9E5A5}.Release|x64.ActiveCfg = Release|Any CPU
		{C0E8AD41-01A5-48CC-A31E-4D2424C9E5A5}.Release|x64.Build.0 = Release|Any CPU
		{C0E8AD41-01A5-48CC-A31E-4D2424C9E5A5}.Release|x86.ActiveCfg = Release|Any CPU
		{C0E8AD41-01A5-48CC-A31E-4D2424C9E5A5}.Release|x86.Build.0 = Release|Any CPU
		{DBBE4A17-1EDE-4F95-A5C5-B8F95D88C1CB}.Debug|Any CPU.ActiveCfg = Debug|Any CPU
		{DBBE4A17-1EDE-4F95-A5C5-B8F95D88C1CB}.Debug|Any CPU.Build.0 = Debug|Any CPU
		{DBBE4A17-1EDE-4F95-A5C5-B8F95D88C1CB}.Debug|x64.ActiveCfg = Debug|Any CPU
		{DBBE4A17-1EDE-4F95-A5C5-B8F95D88C1CB}.Debug|x64.Build.0 = Debug|Any CPU
		{DBBE4A17-1EDE-4F95-A5C5-B8F95D88C1CB}.Debug|x86.ActiveCfg = Debug|Any CPU
		{DBBE4A17-1EDE-4F95-A5C5-B8F95D88C1CB}.Debug|x86.Build.0 = Debug|Any CPU
		{DBBE4A17-1EDE-4F95-A5C5-B8F95D88C1CB}.Release|Any CPU.ActiveCfg = Release|Any CPU
		{DBBE4A17-1EDE-4F95-A5C5-B8F95D88C1CB}.Release|Any CPU.Build.0 = Release|Any CPU
		{DBBE4A17-1EDE-4F95-A5C5-B8F95D88C1CB}.Release|x64.ActiveCfg = Release|Any CPU
		{DBBE4A17-1EDE-4F95-A5C5-B8F95D88C1CB}.Release|x64.Build.0 = Release|Any CPU
		{DBBE4A17-1EDE-4F95-A5C5-B8F95D88C1CB}.Release|x86.ActiveCfg = Release|Any CPU
		{DBBE4A17-1EDE-4F95-A5C5-B8F95D88C1CB}.Release|x86.Build.0 = Release|Any CPU
	EndGlobalSection
	GlobalSection(SolutionProperties) = preSolution
		HideSolutionNode = FALSE
	EndGlobalSection
EndGlobal
